Microsoft Visual Studio Solution File, Format Version 12.00
# Visual Studio 2012
Project("{FAE04EC0-301F-11D3-BF4B-00C04F79EFBC}") = "2D-Pokemon-Movement", "2D-Pokemon-Movement.csproj", "{6FAF0D28-5CFC-4380-AEBD-6B0418EF36DB}"
EndProject
Global
	GlobalSection(SolutionConfigurationPlatforms) = preSolution
	Debug|Any CPU = Debug|Any CPU
	ExportDebug|Any CPU = ExportDebug|Any CPU
	ExportRelease|Any CPU = ExportRelease|Any CPU
	EndGlobalSection
	GlobalSection(ProjectConfigurationPlatforms) = postSolution
		{6FAF0D28-5CFC-4380-AEBD-6B0418EF36DB}.Debug|Any CPU.ActiveCfg = Debug|Any CPU
		{6FAF0D28-5CFC-4380-AEBD-6B0418EF36DB}.Debug|Any CPU.Build.0 = Debug|Any CPU
		{6FAF0D28-5CFC-4380-AEBD-6B0418EF36DB}.ExportDebug|Any CPU.ActiveCfg = ExportDebug|Any CPU
		{6FAF0D28-5CFC-4380-AEBD-6B0418EF36DB}.ExportDebug|Any CPU.Build.0 = ExportDebug|Any CPU
		{6FAF0D28-5CFC-4380-AEBD-6B0418EF36DB}.ExportRelease|Any CPU.ActiveCfg = ExportRelease|Any CPU
		{6FAF0D28-5CFC-4380-AEBD-6B0418EF36DB}.ExportRelease|Any CPU.Build.0 = ExportRelease|Any CPU
	EndGlobalSection
EndGlobal
